
Microsoft Visual Studio Solution File, Format Version 12.00
# Visual Studio 15
VisualStudioVersion = 15.0.27428.2011
MinimumVisualStudioVersion = 10.0.40219.1
Project("{FAE04EC0-301F-11D3-BF4B-00C04F79EFBC}") = "Lesson3_UserResponse", "Lesson3_UserResponse\Lesson3_UserResponse.csproj", "{A2075AAF-1390-4E97-AB77-F054AA497CA8}"
EndProject
Global
	GlobalSection(SolutionConfigurationPlatforms) = preSolution
		Debug|Any CPU = Debug|Any CPU
		Release|Any CPU = Release|Any CPU
	EndGlobalSection
	GlobalSection(ProjectConfigurationPlatforms) = postSolution
		{A2075AAF-1390-4E97-AB77-F054AA497CA8}.Debug|Any CPU.ActiveCfg = Debug|Any CPU
		{A2075AAF-1390-4E97-AB77-F054AA497CA8}.Debug|Any CPU.Build.0 = Debug|Any CPU
		{A2075AAF-1390-4E97-AB77-F054AA497CA8}.Release|Any CPU.ActiveCfg = Release|Any CPU
		{A2075AAF-1390-4E97-AB77-F054AA497CA8}.Release|Any CPU.Build.0 = Release|Any CPU
	EndGlobalSection
	GlobalSection(SolutionProperties) = preSolution
		HideSolutionNode = FALSE
	EndGlobalSection
	GlobalSection(ExtensibilityGlobals) = postSolution
		SolutionGuid = {F391C3F0-1F15-4616-BFEC-4D287D332EAD}
	EndGlobalSection
EndGlobal
